
Microsoft Visual Studio Solution File, Format Version 12.00
# Visual Studio Version 16
VisualStudioVersion = 16.0.35229.62
MinimumVisualStudioVersion = 10.0.40219.1
Project("{FAE04EC0-301F-11D3-BF4B-00C04F79EFBC}") = "EntityFrameworkStudyTerminal", "EntityFrameworkStudyTerminal\EntityFrameworkStudyTerminal.csproj", "{22E81E74-3968-43F2-A0D8-7FEA0E93D5DD}"
EndProject
Project("{FAE04EC0-301F-11D3-BF4B-00C04F79EFBC}") = "EntityFrameworkStudyLogic", "..\EntityFrameworkStudyLogic\EntityFrameworkStudyLogic.csproj", "{00FCFA8C-34BB-4C1F-BB2F-9FFB01A852D4}"
EndProject
Global
	GlobalSection(SolutionConfigurationPlatforms) = preSolution
		Debug|Any CPU = Debug|Any CPU
		Release|Any CPU = Release|Any CPU
	EndGlobalSection
	GlobalSection(ProjectConfigurationPlatforms) = postSolution
		{22E81E74-3968-43F2-A0D8-7FEA0E93D5DD}.Debug|Any CPU.ActiveCfg = Debug|Any CPU
		{22E81E74-3968-43F2-A0D8-7FEA0E93D5DD}.Debug|Any CPU.Build.0 = Debug|Any CPU
		{22E81E74-3968-43F2-A0D8-7FEA0E93D5DD}.Release|Any CPU.ActiveCfg = Release|Any CPU
		{22E81E74-3968-43F2-A0D8-7FEA0E93D5DD}.Release|Any CPU.Build.0 = Release|Any CPU
		{00FCFA8C-34BB-4C1F-BB2F-9FFB01A852D4}.Debug|Any CPU.ActiveCfg = Debug|Any CPU
		{00FCFA8C-34BB-4C1F-BB2F-9FFB01A852D4}.Debug|Any CPU.Build.0 = Debug|Any CPU
		{00FCFA8C-34BB-4C1F-BB2F-9FFB01A852D4}.Release|Any CPU.ActiveCfg = Release|Any CPU
		{00FCFA8C-34BB-4C1F-BB2F-9FFB01A852D4}.Release|Any CPU.Build.0 = Release|Any CPU
	EndGlobalSection
	GlobalSection(SolutionProperties) = preSolution
		HideSolutionNode = FALSE
	EndGlobalSection
	GlobalSection(ExtensibilityGlobals) = postSolution
		SolutionGuid = {97E6676C-CD15-495C-A55D-13E3950C7B86}
	EndGlobalSection
EndGlobal
